
Microsoft Visual Studio Solution File, Format Version 12.00
# Visual Studio 15
VisualStudioVersion = 15.0.28010.2050
MinimumVisualStudioVersion = 10.0.40219.1
Project("{FAE04EC0-301F-11D3-BF4B-00C04F79EFBC}") = "FilmClub.CSharp.ASP.NETCore", "FilmClub.CSharp.ASP.NETCore\FilmClub.CSharp.ASP.NETCore.csproj", "{FC610679-0528-48BB-A7E5-55AD94D660B1}"
EndProject
Global
	GlobalSection(SolutionConfigurationPlatforms) = preSolution
		Debug|Any CPU = Debug|Any CPU
		Release|Any CPU = Release|Any CPU
	EndGlobalSection
	GlobalSection(ProjectConfigurationPlatforms) = postSolution
		{FC610679-0528-48BB-A7E5-55AD94D660B1}.Debug|Any CPU.ActiveCfg = Debug|Any CPU
		{FC610679-0528-48BB-A7E5-55AD94D660B1}.Debug|Any CPU.Build.0 = Debug|Any CPU
		{FC610679-0528-48BB-A7E5-55AD94D660B1}.Release|Any CPU.ActiveCfg = Release|Any CPU
		{FC610679-0528-48BB-A7E5-55AD94D660B1}.Release|Any CPU.Build.0 = Release|Any CPU
	EndGlobalSection
	GlobalSection(SolutionProperties) = preSolution
		HideSolutionNode = FALSE
	EndGlobalSection
	GlobalSection(ExtensibilityGlobals) = postSolution
		SolutionGuid = {08E1BF4B-A529-4E20-B8B1-40427AD4C12D}
	EndGlobalSection
EndGlobal
